vimagination.zapto.org/parser v1.0.1 h1:5N43W+FdtGt5rVpdcjUYLM9v6K4ZE0tnfhSrTYvYBa8=
vimagination.zapto.org/parser v1.0.1/go.mod h1:/H483adsvbp1SLfB0xfFBVfh+mze11+FHwCijc0rpCc=
vimagination.zapto.org/parser v1.0.3 h1:92c0HzyclrZa+ywEa/ensE69Baol0/tXqU6ExsS9olM=
vimagination.zapto.org/parser v1.0.3/go.mod h1:/H483adsvbp1SLfB0xfFBVfh+mze11+FHwCijc0rpCc=
